// !$*UTF8*$!
{
	archiveVersion = 1;
	classes = {
	};
	objectVersion = 46;
	objects = {

/* Begin PBXBuildFile section */
		05C8FEB51DAE5A260026A89A /* main.cpp in Sources */ = {isa = PBXBuildFile; fileRef = 05C8FEB41DAE5A260026A89A /* main.cpp */; };
		05C8FEBD1DAE5E6D0026A89A /* Trie.cpp in Sources */ = {isa = PBXBuildFile; fileRef = 05C8FEBB1DAE5E6D0026A89A /* Trie.cpp */; };
/* End PBXBuildFile section */

/* Begin PBXCopyFilesBuildPhase section */
		05C8FEAF1DAE5A250026A89A /* CopyFiles */ = {
			isa = PBXCopyFilesBuildPhase;
			buildActionMask = 2147483647;
			dstPath = /usr/share/man/man1/;
			dstSubfolderSpec = 0;
			files = (
			);
			runOnlyForDeploymentPostprocessing = 1;
		};
/* End PBXCopyFilesBuildPhase section */

/* Begin PBXFileReference section */
		05C8FEB11DAE5A260026A89A /* LextreeSpellCheck */ = {isa = PBXFileReference; explicitFileType = "compiled.mach-o.executable"; includeInIndex = 0; path = LextreeSpellCheck; sourceTree = BUILT_PRODUCTS_DIR; };
		05C8FEB41DAE5A260026A89A /* main.cpp */ = {isa = PBXFileReference; lastKnownFileType = sourcecode.cpp.cpp; path = main.cpp; sourceTree = "<group>"; };
		05C8FEBB1DAE5E6D0026A89A /* Trie.cpp */ = {isa = PBXFileReference; fileEncoding = 4; lastKnownFileType = sourcecode.cpp.cpp; path = Trie.cpp; sourceTree = "<group>"; };
		05C8FEBC1DAE5E6D0026A89A /* Trie.h */ = {isa = PBXFileReference; fileEncoding = 4; lastKnownFileType = sourcecode.c.h; path = Trie.h; sourceTree = "<group>"; };
		05C8FEBE1DAF2FFC0026A89A /* dict_1.txt */ = {isa = PBXFileReference; fileEncoding = 4; lastKnownFileType = text; path = dict_1.txt; sourceTree = "<group>"; };
/* End PBXFileReference section */

/* Begin PBXFrameworksBuildPhase section */
		05C8FEAE1DAE5A250026A89A /* Frameworks */ = {
			isa = PBXFrameworksBuildPhase;
			buildActionMask = 2147483647;
			files = (
			);
			runOnlyForDeploymentPostprocessing = 0;
		};
/* End PBXFrameworksBuildPhase section */

/* Begin PBXGroup section */
		05C8FEA81DAE5A250026A89A = {
			isa = PBXGroup;
			children = (
				05C8FEB31DAE5A260026A89A /* LextreeSpellCheck */,
				05C8FEB21DAE5A260026A89A /* Products */,
			);
			sourceTree = "<group>";
		};
		05C8FEB21DAE5A260026A89A /* Products */ = {
			isa = PBXGroup;
			children = (
				05C8FEB11DAE5A260026A89A /* LextreeSpellCheck */,
			);
			name = Products;
			sourceTree = "<group>";
		};
		05C8FEB31DAE5A260026A89A /* LextreeSpellCheck */ = {
			isa = PBXGroup;
			children = (
				05C8FEBE1DAF2FFC0026A89A /* dict_1.txt */,
				05C8FEB41DAE5A260026A89A /* main.cpp */,
				05C8FEBB1DAE5E6D0026A89A /* Trie.cpp */,
				05C8FEBC1DAE5E6D0026A89A /* Trie.h */,
			);
			path = LextreeSpellCheck;
			sourceTree = "<group>";
		};
/* End PBXGroup section */

/* Begin PBXNativeTarget section */
		05C8FEB01DAE5A250026A89A /* LextreeSpellCheck */ = {
			isa = PBXNativeTarget;
			buildConfigurationList = 05C8FEB81DAE5A260026A89A /* Build configuration list for PBXNativeTarget "LextreeSpellCheck" */;
			buildPhases = (
				05C8FEAD1DAE5A250026A89A /* Sources */,
				05C8FEAE1DAE5A250026A89A /* Frameworks */,
				05C8FEAF1DAE5A250026A89A /* CopyFiles */,
			);
			buildRules = (
			);
			dependencies = (
			);
			name = LextreeSpellCheck;
			productName = LextreeSpellCheck;
			productReference = 05C8FEB11DAE5A260026A89A /* LextreeSpellCheck */;
			productType = "com.apple.product-type.tool";
		};
/* End PBXNativeTarget section */

/* Begin PBXProject section */
		05C8FEA91DAE5A250026A89A /* Project object */ = {
			isa = PBXProject;
			attributes = {
				LastUpgradeCheck = 0800;
				ORGANIZATIONNAME = hty;
				TargetAttributes = {
					05C8FEB01DAE5A250026A89A = {
						CreatedOnToolsVersion = 8.0;
						ProvisioningStyle = Automatic;
					};
				};
			};
			buildConfigurationList = 05C8FEAC1DAE5A250026A89A /* Build configuration list for PBXProject "LextreeSpellCheck" */;
			compatibilityVersion = "Xcode 3.2";
			developmentRegion = English;
			hasScannedForEncodings = 0;
			knownRegions = (
				en,
			);
			mainGroup = 05C8FEA81DAE5A250026A89A;
			productRefGroup = 05C8FEB21DAE5A260026A89A /* Products */;
			projectDirPath = "";
			projectRoot = "";
			targets = (
				05C8FEB01DAE5A250026A89A /* LextreeSpellCheck */,
			);
		};
/* End PBXProject section */

/* Begin PBXSourcesBuildPhase section */
		05C8FEAD1DAE5A250026A89A /* Sources */ = {
			isa = PBXSourcesBuildPhase;
			buildActionMask = 2147483647;
			files = (
				05C8FEB51DAE5A260026A89A /* main.cpp in Sources */,
				05C8FEBD1DAE5E6D0026A89A /* Trie.cpp in Sources */,
			);
			runOnlyForDeploymentPostprocessing = 0;
		};
/* End PBXSourcesBuildPhase section */

/* Begin XCBuildConfiguration section */
		05C8FEB61DAE5A260026A89A /* Debug */ = {
			isa = XCBuildConfiguration;
			buildSettings = {
				ALWAYS_SEARCH_USER_PATHS = NO;
				CLANG_ANALYZER_NONNULL = YES;
				CLANG_CXX_LANGUAGE_STANDARD = "gnu++0x";
				CLANG_CXX_LIBRARY = "libc++";
				CLANG_ENABLE_MODULES = YES;
				CLANG_ENABLE_OBJC_ARC = YES;
				CLANG_WARN_BOOL_CONVERSION = YES;
				CLANG_WARN_CONSTANT_CONVERSION = YES;
				CLANG_WARN_DIRECT_OBJC_ISA_USAGE = YES_ERROR;
				CLANG_WARN_DOCUMENTATION_COMMENTS = YES;
				CLANG_WARN_EMPTY_BODY = YES;
				CLANG_WARN_ENUM_CONVERSION = YES;
				CLANG_WARN_INFINITE_RECURSION = YES;
				CLANG_WARN_INT_CONVERSION = YES;
				CLANG_WARN_OBJC_ROOT_CLASS = YES_ERROR;
				CLANG_WARN_SUSPICIOUS_MOVES = YES;
				CLANG_WARN_UNREACHABLE_CODE = YES;
				CLANG_WARN__DUPLICATE_METHOD_MATCH = YES;
				CODE_SIGN_IDENTITY = "-";
				COPY_PHASE_STRIP = NO;
				DEBUG_INFORMATION_FORMAT = dwarf;
				ENABLE_STRICT_OBJC_MSGSEND = YES;
				ENABLE_TESTABILITY = YES;
				GCC_C_LANGUAGE_STANDARD = gnu99;
				GCC_DYNAMIC_NO_PIC = NO;
				GCC_NO_COMMON_BLOCKS = YES;
				GCC_OPTIMIZATION_LEVEL = 0;
				GCC_PREPROCESSOR_DEFINITIONS = (
					"DEBUG=1",
					"$(inherited)",
				);
				GCC_WARN_64_TO_32_BIT_CONVERSION = YES;
				GCC_WARN_ABOUT_RETURN_TYPE = YES_ERROR;
				GCC_WARN_UNDECLARED_SELECTOR = YES;
				GCC_WARN_UNINITIALIZED_AUTOS = YES_AGGRESSIVE;
				GCC_WARN_UNUSED_FUNCTION = YES;
				GCC_WARN_UNUSED_VARIABLE = YES;
				MACOSX_DEPLOYMENT_TARGET = 10.12;
				MTL_ENABLE_DEBUG_INFO = YES;
				ONLY_ACTIVE_ARCH = YES;
				SDKROOT = macosx;
			};
			name = Debug;
		};
		05C8FEB71DAE5A260026A89A /* Release */ = {
			isa = XCBuildConfiguration;
			buildSettings = {
				ALWAYS_SEARCH_USER_PATHS = NO;
				CLANG_ANALYZER_NONNULL = YES;
				CLANG_CXX_LANGUAGE_STANDARD = "gnu++0x";
				CLANG_CXX_LIBRARY = "libc++";
				CLANG_ENABLE_MODULES = YES;
				CLANG_ENABLE_OBJC_ARC = YES;
				CLANG_WARN_BOOL_CONVERSION = YES;
				CLANG_WARN_CONSTANT_CONVERSION = YES;
				CLANG_WARN_DIRECT_OBJC_ISA_USAGE = YES_ERROR;
				CLANG_WARN_DOCUMENTATION_COMMENTS = YES;
				CLANG_WARN_EMPTY_BODY = YES;
				CLANG_WARN_ENUM_CONVERSION = YES;
				CLANG_WARN_INFINITE_RECURSION = YES;
				CLANG_WARN_INT_CONVERSION = YES;
				CLANG_WARN_OBJC_ROOT_CLASS = YES_ERROR;
				CLANG_WARN_SUSPICIOUS_MOVES = YES;
				CLANG_WARN_UNREACHABLE_CODE = YES;
				CLANG_WARN__DUPLICATE_METHOD_MATCH = YES;
				CODE_SIGN_IDENTITY = "-";
				COPY_PHASE_STRIP = NO;
				DEBUG_INFORMATION_FORMAT = "dwarf-with-dsym";
				ENABLE_NS_ASSERTIONS = NO;
				ENABLE_STRICT_OBJC_MSGSEND = YES;
				GCC_C_LANGUAGE_STANDARD = gnu99;
				GCC_NO_COMMON_BLOCKS = YES;
				GCC_WARN_64_TO_32_BIT_CONVERSION = YES;
				GCC_WARN_ABOUT_RETURN_TYPE = YES_ERROR;
				GCC_WARN_UNDECLARED_SELECTOR = YES;
				GCC_WARN_UNINITIALIZED_AUTOS = YES_AGGRESSIVE;
				GCC_WARN_UNUSED_FUNCTION = YES;
				GCC_WARN_UNUSED_VARIABLE = YES;
				MACOSX_DEPLOYMENT_TARGET = 10.12;
				MTL_ENABLE_DEBUG_INFO = NO;
				SDKROOT = macosx;
			};
			name = Release;
		};
		05C8FEB91DAE5A260026A89A /* Debug */ = {
			isa = XCBuildConfiguration;
			buildSettings = {
				PRODUCT_NAME = "$(TARGET_NAME)";
			};
			name = Debug;
		};
		05C8FEBA1DAE5A260026A89A /* Release */ = {
			isa = XCBuildConfiguration;
			buildSettings = {
				PRODUCT_NAME = "$(TARGET_NAME)";
			};
			name = Release;
		};
/* End XCBuildConfiguration section */

/* Begin XCConfigurationList section */
		05C8FEAC1DAE5A250026A89A /* Build configuration list for PBXProject "LextreeSpellCheck" */ = {
			isa = XCConfigurationList;
			buildConfigurations = (
				05C8FEB61DAE5A260026A89A /* Debug */,
				05C8FEB71DAE5A260026A89A /* Release */,
			);
			defaultConfigurationIsVisible = 0;
			defaultConfigurationName = Release;
		};
		05C8FEB81DAE5A260026A89A /* Build configuration list for PBXNativeTarget "LextreeSpellCheck" */ = {
			isa = XCConfigurationList;
			buildConfigurations = (
				05C8FEB91DAE5A260026A89A /* Debug */,
				05C8FEBA1DAE5A260026A89A /* Release */,
			);
			defaultConfigurationIsVisible = 0;
		};
/* End XCConfigurationList section */
	};
	rootObject = 05C8FEA91DAE5A250026A89A /* Project object */;
}
